
Microsoft Visual Studio Solution File, Format Version 12.00
# Visual Studio 2012
Project("{8BC9CEB8-8B4A-11D0-8D11-00A0C91BC942}") = "ICG_P1", "ICG_P1\ICG_P1.vcxproj", "{5370E083-B245-4706-B0AD-7CA3136F10D7}"
EndProject
Global
	GlobalSection(SolutionConfigurationPlatforms) = preSolution
		Debug|Win32 = Debug|Win32
		Debug|x64 = Debug|x64
		Release Static|Win32 = Release Static|Win32
		Release Static|x64 = Release Static|x64
		Release|Win32 = Release|Win32
		Release|x64 = Release|x64
	EndGlobalSection
	GlobalSection(ProjectConfigurationPlatforms) = postSolution
		{5370E083-B245-4706-B0AD-7CA3136F10D7}.Debug|Win32.ActiveCfg = Debug|Win32
		{5370E083-B245-4706-B0AD-7CA3136F10D7}.Debug|Win32.Build.0 = Debug|Win32
		{5370E083-B245-4706-B0AD-7CA3136F10D7}.Debug|x64.ActiveCfg = Debug|Win32
		{5370E083-B245-4706-B0AD-7CA3136F10D7}.Debug|x64.Build.0 = Debug|Win32
		{5370E083-B245-4706-B0AD-7CA3136F10D7}.Release Static|Win32.ActiveCfg = Release Static|Win32
		{5370E083-B245-4706-B0AD-7CA3136F10D7}.Release Static|Win32.Build.0 = Release Static|Win32
		{5370E083-B245-4706-B0AD-7CA3136F10D7}.Release Static|x64.ActiveCfg = Release Static|x64
		{5370E083-B245-4706-B0AD-7CA3136F10D7}.Release Static|x64.Build.0 = Release Static|x64
		{5370E083-B245-4706-B0AD-7CA3136F10D7}.Release|Win32.ActiveCfg = Release|Win32
		{5370E083-B245-4706-B0AD-7CA3136F10D7}.Release|Win32.Build.0 = Release|Win32
		{5370E083-B245-4706-B0AD-7CA3136F10D7}.Release|x64.ActiveCfg = Release|x64
		{5370E083-B245-4706-B0AD-7CA3136F10D7}.Release|x64.Build.0 = Release|x64
	EndGlobalSection
	GlobalSection(SolutionProperties) = preSolution
		HideSolutionNode = FALSE
	EndGlobalSection
EndGlobal
